
Microsoft Visual Studio Solution File, Format Version 12.00
# Visual Studio Version 16
VisualStudioVersion = 16.0.28803.156
MinimumVisualStudioVersion = 10.0.40219.1
Project("{FAE04EC0-301F-11D3-BF4B-00C04F79EFBC}") = "DatabaseTables", "DatabaseTables\DatabaseTables.csproj", "{6FA440C6-B0A8-41A3-8557-5297B1226A3C}"
EndProject
Global
	GlobalSection(SolutionConfigurationPlatforms) = preSolution
		Debug|Any CPU = Debug|Any CPU
		Release|Any CPU = Release|Any CPU
	EndGlobalSection
	GlobalSection(ProjectConfigurationPlatforms) = postSolution
		{6FA440C6-B0A8-41A3-8557-5297B1226A3C}.Debug|Any CPU.ActiveCfg = Debug|Any CPU
		{6FA440C6-B0A8-41A3-8557-5297B1226A3C}.Debug|Any CPU.Build.0 = Debug|Any CPU
		{6FA440C6-B0A8-41A3-8557-5297B1226A3C}.Release|Any CPU.ActiveCfg = Release|Any CPU
		{6FA440C6-B0A8-41A3-8557-5297B1226A3C}.Release|Any CPU.Build.0 = Release|Any CPU
	EndGlobalSection
	GlobalSection(SolutionProperties) = preSolution
		HideSolutionNode = FALSE
	EndGlobalSection
	GlobalSection(ExtensibilityGlobals) = postSolution
		SolutionGuid = {99BE6E24-F8E3-48E1-A1C6-8D6A57C4BAA2}
	EndGlobalSection
EndGlobal
